
Microsoft Visual Studio Solution File, Format Version 12.00
# Visual Studio 15
VisualStudioVersion = 15.0.27428.2005
MinimumVisualStudioVersion = 10.0.40219.1
Project("{FAE04EC0-301F-11D3-BF4B-00C04F79EFBC}") = "CH5-WebApp", "CH5-WebApp\CH5-WebApp.csproj", "{9028DAE7-6D9C-48A8-B8F1-6B2F781A7A43}"
EndProject
Global
	GlobalSection(SolutionConfigurationPlatforms) = preSolution
		Debug|Any CPU = Debug|Any CPU
		Release|Any CPU = Release|Any CPU
	EndGlobalSection
	GlobalSection(ProjectConfigurationPlatforms) = postSolution
		{9028DAE7-6D9C-48A8-B8F1-6B2F781A7A43}.Debug|Any CPU.ActiveCfg = Debug|Any CPU
		{9028DAE7-6D9C-48A8-B8F1-6B2F781A7A43}.Debug|Any CPU.Build.0 = Debug|Any CPU
		{9028DAE7-6D9C-48A8-B8F1-6B2F781A7A43}.Release|Any CPU.ActiveCfg = Release|Any CPU
		{9028DAE7-6D9C-48A8-B8F1-6B2F781A7A43}.Release|Any CPU.Build.0 = Release|Any CPU
	EndGlobalSection
	GlobalSection(SolutionProperties) = preSolution
		HideSolutionNode = FALSE
	EndGlobalSection
	GlobalSection(ExtensibilityGlobals) = postSolution
		SolutionGuid = {77AF5ABB-8D1E-4B04-A6AB-45D625BD7183}
	EndGlobalSection
EndGlobal
