
Microsoft Visual Studio Solution File, Format Version 12.00
# Visual Studio 15
VisualStudioVersion = 15.0.27428.2005
MinimumVisualStudioVersion = 10.0.40219.1
Project("{FAE04EC0-301F-11D3-BF4B-00C04F79EFBC}") = "WebAppDataDriven", "WebAppDataDriven\WebAppDataDriven.csproj", "{8330EEE2-C49A-4BA2-8228-24244677182B}"
EndProject
Global
	GlobalSection(SolutionConfigurationPlatforms) = preSolution
		Debug|Any CPU = Debug|Any CPU
		Release|Any CPU = Release|Any CPU
	EndGlobalSection
	GlobalSection(ProjectConfigurationPlatforms) = postSolution
		{8330EEE2-C49A-4BA2-8228-24244677182B}.Debug|Any CPU.ActiveCfg = Debug|Any CPU
		{8330EEE2-C49A-4BA2-8228-24244677182B}.Debug|Any CPU.Build.0 = Debug|Any CPU
		{8330EEE2-C49A-4BA2-8228-24244677182B}.Release|Any CPU.ActiveCfg = Release|Any CPU
		{8330EEE2-C49A-4BA2-8228-24244677182B}.Release|Any CPU.Build.0 = Release|Any CPU
	EndGlobalSection
	GlobalSection(SolutionProperties) = preSolution
		HideSolutionNode = FALSE
	EndGlobalSection
	GlobalSection(ExtensibilityGlobals) = postSolution
		SolutionGuid = {9329C89D-DBBB-4718-AD63-84CF2157A023}
	EndGlobalSection
EndGlobal
